// !$*UTF8*$!
{
	archiveVersion = 1;
	classes = {
	};
	objectVersion = 50;
	objects = {

/* Begin PBXBuildFile section */
		5D9859B3A5ACFCAD18DBEE73 /* Pods_project2_habits.framework in Frameworks */ = {isa = PBXBuildFile; fileRef = 7CD5A6C189DCBE329268E09D /* Pods_project2_habits.framework */; };
		8B00084A22985513006AF629 /* AuthViewController.swift in Sources */ = {isa = PBXBuildFile; fileRef = 8B00084922985513006AF629 /* AuthViewController.swift */; };
		8B00084C22985BDC006AF629 /* Extensions.swift in Sources */ = {isa = PBXBuildFile; fileRef = 8B00084B22985BDC006AF629 /* Extensions.swift */; };
		8B164EE4229C23A800B5239D /* KeychainPasswordItem.swift in Sources */ = {isa = PBXBuildFile; fileRef = 8B164EE3229C23A800B5239D /* KeychainPasswordItem.swift */; };
		8B164EE6229C23B400B5239D /* Settings.swift in Sources */ = {isa = PBXBuildFile; fileRef = 8B164EE5229C23B400B5239D /* Settings.swift */; };
		8B281FAF229C154F0044B2B0 /* User.swift in Sources */ = {isa = PBXBuildFile; fileRef = 8B281FAE229C154F0044B2B0 /* User.swift */; };
		8B281FB3229C164F0044B2B0 /* AuthController.swift in Sources */ = {isa = PBXBuildFile; fileRef = 8B281FB2229C164F0044B2B0 /* AuthController.swift */; };
		8B537D452295BAF20084CD81 /* AppDelegate.swift in Sources */ = {isa = PBXBuildFile; fileRef = 8B537D442295BAF20084CD81 /* AppDelegate.swift */; };
		8B537D4A2295BAF20084CD81 /* Main.storyboard in Resources */ = {isa = PBXBuildFile; fileRef = 8B537D482295BAF20084CD81 /* Main.storyboard */; };
		8B537D4C2295BAF40084CD81 /* Assets.xcassets in Resources */ = {isa = PBXBuildFile; fileRef = 8B537D4B2295BAF40084CD81 /* Assets.xcassets */; };
		8B537D4F2295BAF40084CD81 /* LaunchScreen.storyboard in Resources */ = {isa = PBXBuildFile; fileRef = 8B537D4D2295BAF40084CD81 /* LaunchScreen.storyboard */; };
		8B645AFF229C518E00890E2E /* WelcomeViewController.swift in Sources */ = {isa = PBXBuildFile; fileRef = 8B645AFE229C518E00890E2E /* WelcomeViewController.swift */; };
		8B645B01229C54FE00890E2E /* AppController.swift in Sources */ = {isa = PBXBuildFile; fileRef = 8B645B00229C54FE00890E2E /* AppController.swift */; };
		8B645B03229C59AC00890E2E /* AuthController.xib in Resources */ = {isa = PBXBuildFile; fileRef = 8B645B02229C59AC00890E2E /* AuthController.xib */; };
		8B645B05229C5A5000890E2E /* WelcomeViewController.xib in Resources */ = {isa = PBXBuildFile; fileRef = 8B645B04229C5A5000890E2E /* WelcomeViewController.xib */; };
/* End PBXBuildFile section */

/* Begin PBXFileReference section */
		029BF03BCD581B824BA22814 /* Pods-project2-habits.release.xcconfig */ = {isa = PBXFileReference; includeInIndex = 1; lastKnownFileType = text.xcconfig; name = "Pods-project2-habits.release.xcconfig"; path = "Target Support Files/Pods-project2-habits/Pods-project2-habits.release.xcconfig"; sourceTree = "<group>"; };
		7CD5A6C189DCBE329268E09D /* Pods_project2_habits.framework */ = {isa = PBXFileReference; explicitFileType = wrapper.framework; includeInIndex = 0; path = Pods_project2_habits.framework; sourceTree = BUILT_PRODUCTS_DIR; };
		8B00084922985513006AF629 /* AuthViewController.swift */ = {isa = PBXFileReference; lastKnownFileType = sourcecode.swift; path = AuthViewController.swift; sourceTree = "<group>"; };
		8B00084B22985BDC006AF629 /* Extensions.swift */ = {isa = PBXFileReference; lastKnownFileType = sourcecode.swift; path = Extensions.swift; sourceTree = "<group>"; };
		8B164EE3229C23A800B5239D /* KeychainPasswordItem.swift */ = {isa = PBXFileReference; fileEncoding = 4; lastKnownFileType = sourcecode.swift; path = KeychainPasswordItem.swift; sourceTree = "<group>"; };
		8B164EE5229C23B400B5239D /* Settings.swift */ = {isa = PBXFileReference; fileEncoding = 4; lastKnownFileType = sourcecode.swift; path = Settings.swift; sourceTree = "<group>"; };
		8B281FAE229C154F0044B2B0 /* User.swift */ = {isa = PBXFileReference; lastKnownFileType = sourcecode.swift; path = User.swift; sourceTree = "<group>"; };
		8B281FB2229C164F0044B2B0 /* AuthController.swift */ = {isa = PBXFileReference; lastKnownFileType = sourcecode.swift; path = AuthController.swift; sourceTree = "<group>"; };
		8B537D412295BAF20084CD81 /* project2-habits.app */ = {isa = PBXFileReference; explicitFileType = wrapper.application; includeInIndex = 0; path = "project2-habits.app"; sourceTree = BUILT_PRODUCTS_DIR; };
		8B537D442295BAF20084CD81 /* AppDelegate.swift */ = {isa = PBXFileReference; lastKnownFileType = sourcecode.swift; path = AppDelegate.swift; sourceTree = "<group>"; };
		8B537D492295BAF20084CD81 /* Base */ = {isa = PBXFileReference; lastKnownFileType = file.storyboard; name = Base; path = Base.lproj/Main.storyboard; sourceTree = "<group>"; };
		8B537D4B2295BAF40084CD81 /* Assets.xcassets */ = {isa = PBXFileReference; lastKnownFileType = folder.assetcatalog; path = Assets.xcassets; sourceTree = "<group>"; };
		8B537D4E2295BAF40084CD81 /* Base */ = {isa = PBXFileReference; lastKnownFileType = file.storyboard; name = Base; path = Base.lproj/LaunchScreen.storyboard; sourceTree = "<group>"; };
		8B537D502295BAF40084CD81 /* Info.plist */ = {isa = PBXFileReference; lastKnownFileType = text.plist.xml; path = Info.plist; sourceTree = "<group>"; };
		8B645AFE229C518E00890E2E /* WelcomeViewController.swift */ = {isa = PBXFileReference; lastKnownFileType = sourcecode.swift; path = WelcomeViewController.swift; sourceTree = "<group>"; };
		8B645B00229C54FE00890E2E /* AppController.swift */ = {isa = PBXFileReference; fileEncoding = 4; lastKnownFileType = sourcecode.swift; path = AppController.swift; sourceTree = "<group>"; };
		8B645B02229C59AC00890E2E /* AuthController.xib */ = {isa = PBXFileReference; lastKnownFileType = file.xib; path = AuthController.xib; sourceTree = "<group>"; };
		8B645B04229C5A5000890E2E /* WelcomeViewController.xib */ = {isa = PBXFileReference; lastKnownFileType = file.xib; path = WelcomeViewController.xib; sourceTree = "<group>"; };
		F69EF90A1E1F485A2258EEC9 /* Pods-project2-habits.debug.xcconfig */ = {isa = PBXFileReference; includeInIndex = 1; lastKnownFileType = text.xcconfig; name = "Pods-project2-habits.debug.xcconfig"; path = "Target Support Files/Pods-project2-habits/Pods-project2-habits.debug.xcconfig"; sourceTree = "<group>"; };
/* End PBXFileReference section */

/* Begin PBXFrameworksBuildPhase section */
		8B537D3E2295BAF20084CD81 /* Frameworks */ = {
			isa = PBXFrameworksBuildPhase;
			buildActionMask = 2147483647;
			files = (
				5D9859B3A5ACFCAD18DBEE73 /* Pods_project2_habits.framework in Frameworks */,
			);
			runOnlyForDeploymentPostprocessing = 0;
		};
/* End PBXFrameworksBuildPhase section */

/* Begin PBXGroup section */
		1B835E65D89CC81C7095ED25 /* Pods */ = {
			isa = PBXGroup;
			children = (
				F69EF90A1E1F485A2258EEC9 /* Pods-project2-habits.debug.xcconfig */,
				029BF03BCD581B824BA22814 /* Pods-project2-habits.release.xcconfig */,
			);
			path = Pods;
			sourceTree = "<group>";
		};
		1FC6C164255882D48E833311 /* Frameworks */ = {
			isa = PBXGroup;
			children = (
				7CD5A6C189DCBE329268E09D /* Pods_project2_habits.framework */,
			);
			name = Frameworks;
			sourceTree = "<group>";
		};
		8B164EE7229C23BC00B5239D /* Helpers */ = {
			isa = PBXGroup;
			children = (
				8B164EE3229C23A800B5239D /* KeychainPasswordItem.swift */,
				8B164EE5229C23B400B5239D /* Settings.swift */,
			);
			path = Helpers;
			sourceTree = "<group>";
		};
		8B164EE8229C247600B5239D /* Resources */ = {
			isa = PBXGroup;
			children = (
				8B537D4D2295BAF40084CD81 /* LaunchScreen.storyboard */,
				8B537D4B2295BAF40084CD81 /* Assets.xcassets */,
			);
			path = Resources;
			sourceTree = "<group>";
		};
		8B164EE9229C248400B5239D /* Extensions */ = {
			isa = PBXGroup;
			children = (
				8B00084B22985BDC006AF629 /* Extensions.swift */,
			);
			path = Extensions;
			sourceTree = "<group>";
		};
		8B164EEA229C249C00B5239D /* Views */ = {
			isa = PBXGroup;
			children = (
			);
			path = Views;
			sourceTree = "<group>";
		};
		8B164EEB229C24A100B5239D /* ViewControllers */ = {
			isa = PBXGroup;
			children = (
				8B00084922985513006AF629 /* AuthViewController.swift */,
				8B645B02229C59AC00890E2E /* AuthController.xib */,
				8B645AFE229C518E00890E2E /* WelcomeViewController.swift */,
				8B645B04229C5A5000890E2E /* WelcomeViewController.xib */,
			);
			path = ViewControllers;
			sourceTree = "<group>";
		};
		8B164EEC229C250000B5239D /* Models */ = {
			isa = PBXGroup;
			children = (
				8B281FAE229C154F0044B2B0 /* User.swift */,
			);
			path = Models;
			sourceTree = "<group>";
		};
		8B164EED229C251200B5239D /* Controllers */ = {
			isa = PBXGroup;
			children = (
				8B537D442295BAF20084CD81 /* AppDelegate.swift */,
				8B645B00229C54FE00890E2E /* AppController.swift */,
				8B281FB2229C164F0044B2B0 /* AuthController.swift */,
			);
			path = Controllers;
			sourceTree = "<group>";
		};
		8B537D382295BAF20084CD81 = {
			isa = PBXGroup;
			children = (
				8B537D432295BAF20084CD81 /* project2-habits */,
				8B537D422295BAF20084CD81 /* Products */,
				1B835E65D89CC81C7095ED25 /* Pods */,
				1FC6C164255882D48E833311 /* Frameworks */,
			);
			sourceTree = "<group>";
		};
		8B537D422295BAF20084CD81 /* Products */ = {
			isa = PBXGroup;
			children = (
				8B537D412295BAF20084CD81 /* project2-habits.app */,
			);
			name = Products;
			sourceTree = "<group>";
		};
		8B537D432295BAF20084CD81 /* project2-habits */ = {
			isa = PBXGroup;
			children = (
				8B164EED229C251200B5239D /* Controllers */,
				8B164EEC229C250000B5239D /* Models */,
				8B164EEB229C24A100B5239D /* ViewControllers */,
				8B164EEA229C249C00B5239D /* Views */,
				8B164EE9229C248400B5239D /* Extensions */,
				8B164EE8229C247600B5239D /* Resources */,
				8B164EE7229C23BC00B5239D /* Helpers */,
				8B537D502295BAF40084CD81 /* Info.plist */,
				8B537D482295BAF20084CD81 /* Main.storyboard */,
			);
			path = "project2-habits";
			sourceTree = "<group>";
		};
/* End PBXGroup section */

/* Begin PBXNativeTarget section */
		8B537D402295BAF20084CD81 /* project2-habits */ = {
			isa = PBXNativeTarget;
			buildConfigurationList = 8B537D532295BAF40084CD81 /* Build configuration list for PBXNativeTarget "project2-habits" */;
			buildPhases = (
				5FF76FED4866D814A749620B /* [CP] Check Pods Manifest.lock */,
				8B537D3D2295BAF20084CD81 /* Sources */,
				8B537D3E2295BAF20084CD81 /* Frameworks */,
				8B537D3F2295BAF20084CD81 /* Resources */,
				9ECE2C630734B427399BC4A5 /* [CP] Embed Pods Frameworks */,
			);
			buildRules = (
			);
			dependencies = (
			);
			name = "project2-habits";
			productName = "project2-habits";
			productReference = 8B537D412295BAF20084CD81 /* project2-habits.app */;
			productType = "com.apple.product-type.application";
		};
/* End PBXNativeTarget section */

/* Begin PBXProject section */
		8B537D392295BAF20084CD81 /* Project object */ = {
			isa = PBXProject;
			attributes = {
				LastSwiftUpdateCheck = 1010;
				LastUpgradeCheck = 1010;
				ORGANIZATIONNAME = "Tomas Mateo Perotti";
				TargetAttributes = {
					8B537D402295BAF20084CD81 = {
						CreatedOnToolsVersion = 10.1;
					};
				};
			};
			buildConfigurationList = 8B537D3C2295BAF20084CD81 /* Build configuration list for PBXProject "project2-habits" */;
			compatibilityVersion = "Xcode 9.3";
			developmentRegion = en;
			hasScannedForEncodings = 0;
			knownRegions = (
				en,
				Base,
			);
			mainGroup = 8B537D382295BAF20084CD81;
			productRefGroup = 8B537D422295BAF20084CD81 /* Products */;
			projectDirPath = "";
			projectRoot = "";
			targets = (
				8B537D402295BAF20084CD81 /* project2-habits */,
			);
		};
/* End PBXProject section */

/* Begin PBXResourcesBuildPhase section */
		8B537D3F2295BAF20084CD81 /* Resources */ = {
			isa = PBXResourcesBuildPhase;
			buildActionMask = 2147483647;
			files = (
				8B537D4F2295BAF40084CD81 /* LaunchScreen.storyboard in Resources */,
				8B645B05229C5A5000890E2E /* WelcomeViewController.xib in Resources */,
				8B645B03229C59AC00890E2E /* AuthController.xib in Resources */,
				8B537D4C2295BAF40084CD81 /* Assets.xcassets in Resources */,
				8B537D4A2295BAF20084CD81 /* Main.storyboard in Resources */,
			);
			runOnlyForDeploymentPostprocessing = 0;
		};
/* End PBXResourcesBuildPhase section */

/* Begin PBXShellScriptBuildPhase section */
		5FF76FED4866D814A749620B /* [CP] Check Pods Manifest.lock */ = {
			isa = PBXShellScriptBuildPhase;
			buildActionMask = 2147483647;
			files = (
			);
			inputFileListPaths = (
			);
			inputPaths = (
				"${PODS_PODFILE_DIR_PATH}/Podfile.lock",
				"${PODS_ROOT}/Manifest.lock",
			);
			name = "[CP] Check Pods Manifest.lock";
			outputFileListPaths = (
			);
			outputPaths = (
				"$(DERIVED_FILE_DIR)/Pods-project2-habits-checkManifestLockResult.txt",
			);
			runOnlyForDeploymentPostprocessing = 0;
			shellPath = /bin/sh;
			shellScript = "diff \"${PODS_PODFILE_DIR_PATH}/Podfile.lock\" \"${PODS_ROOT}/Manifest.lock\" > /dev/null\nif [ $? != 0 ] ; then\n    # print error to STDERR\n    echo \"error: The sandbox is not in sync with the Podfile.lock. Run 'pod install' or update your CocoaPods installation.\" >&2\n    exit 1\nfi\n# This output is used by Xcode 'outputs' to avoid re-running this script phase.\necho \"SUCCESS\" > \"${SCRIPT_OUTPUT_FILE_0}\"\n";
			showEnvVarsInLog = 0;
		};
		9ECE2C630734B427399BC4A5 /* [CP] Embed Pods Frameworks */ = {
			isa = PBXShellScriptBuildPhase;
			buildActionMask = 2147483647;
			files = (
			);
			inputFileListPaths = (
			);
			inputPaths = (
				"${PODS_ROOT}/Target Support Files/Pods-project2-habits/Pods-project2-habits-frameworks.sh",
				"${BUILT_PRODUCTS_DIR}/CryptoSwift/CryptoSwift.framework",
			);
			name = "[CP] Embed Pods Frameworks";
			outputFileListPaths = (
			);
			outputPaths = (
				"${TARGET_BUILD_DIR}/${FRAMEWORKS_FOLDER_PATH}/CryptoSwift.framework",
			);
			runOnlyForDeploymentPostprocessing = 0;
			shellPath = /bin/sh;
			shellScript = "\"${PODS_ROOT}/Target Support Files/Pods-project2-habits/Pods-project2-habits-frameworks.sh\"\n";
			showEnvVarsInLog = 0;
		};
/* End PBXShellScriptBuildPhase section */

/* Begin PBXSourcesBuildPhase section */
		8B537D3D2295BAF20084CD81 /* Sources */ = {
			isa = PBXSourcesBuildPhase;
			buildActionMask = 2147483647;
			files = (
				8B645AFF229C518E00890E2E /* WelcomeViewController.swift in Sources */,
				8B645B01229C54FE00890E2E /* AppController.swift in Sources */,
				8B00084A22985513006AF629 /* AuthViewController.swift in Sources */,
				8B164EE6229C23B400B5239D /* Settings.swift in Sources */,
				8B537D452295BAF20084CD81 /* AppDelegate.swift in Sources */,
				8B164EE4229C23A800B5239D /* KeychainPasswordItem.swift in Sources */,
				8B281FAF229C154F0044B2B0 /* User.swift in Sources */,
				8B00084C22985BDC006AF629 /* Extensions.swift in Sources */,
				8B281FB3229C164F0044B2B0 /* AuthController.swift in Sources */,
			);
			runOnlyForDeploymentPostprocessing = 0;
		};
/* End PBXSourcesBuildPhase section */

/* Begin PBXVariantGroup section */
		8B537D482295BAF20084CD81 /* Main.storyboard */ = {
			isa = PBXVariantGroup;
			children = (
				8B537D492295BAF20084CD81 /* Base */,
			);
			name = Main.storyboard;
			sourceTree = "<group>";
		};
		8B537D4D2295BAF40084CD81 /* LaunchScreen.storyboard */ = {
			isa = PBXVariantGroup;
			children = (
				8B537D4E2295BAF40084CD81 /* Base */,
			);
			name = LaunchScreen.storyboard;
			sourceTree = "<group>";
		};
/* End PBXVariantGroup section */

/* Begin XCBuildConfiguration section */
		8B537D512295BAF40084CD81 /* Debug */ = {
			isa = XCBuildConfiguration;
			buildSettings = {
				ALWAYS_SEARCH_USER_PATHS = NO;
				CLANG_ANALYZER_NONNULL = YES;
				CLANG_ANALYZER_NUMBER_OBJECT_CONVERSION = YES_AGGRESSIVE;
				CLANG_CXX_LANGUAGE_STANDARD = "gnu++14";
				CLANG_CXX_LIBRARY = "libc++";
				CLANG_ENABLE_MODULES = YES;
				CLANG_ENABLE_OBJC_ARC = YES;
				CLANG_ENABLE_OBJC_WEAK = YES;
				CLANG_WARN_BLOCK_CAPTURE_AUTORELEASING = YES;
				CLANG_WARN_BOOL_CONVERSION = YES;
				CLANG_WARN_COMMA = YES;
				CLANG_WARN_CONSTANT_CONVERSION = YES;
				CLANG_WARN_DEPRECATED_OBJC_IMPLEMENTATIONS = YES;
				CLANG_WARN_DIRECT_OBJC_ISA_USAGE = YES_ERROR;
				CLANG_WARN_DOCUMENTATION_COMMENTS = YES;
				CLANG_WARN_EMPTY_BODY = YES;
				CLANG_WARN_ENUM_CONVERSION = YES;
				CLANG_WARN_INFINITE_RECURSION = YES;
				CLANG_WARN_INT_CONVERSION = YES;
				CLANG_WARN_NON_LITERAL_NULL_CONVERSION = YES;
				CLANG_WARN_OBJC_IMPLICIT_RETAIN_SELF = YES;
				CLANG_WARN_OBJC_LITERAL_CONVERSION = YES;
				CLANG_WARN_OBJC_ROOT_CLASS = YES_ERROR;
				CLANG_WARN_RANGE_LOOP_ANALYSIS = YES;
				CLANG_WARN_STRICT_PROTOTYPES = YES;
				CLANG_WARN_SUSPICIOUS_MOVE = YES;
				CLANG_WARN_UNGUARDED_AVAILABILITY = YES_AGGRESSIVE;
				CLANG_WARN_UNREACHABLE_CODE = YES;
				CLANG_WARN__DUPLICATE_METHOD_MATCH = YES;
				CODE_SIGN_IDENTITY = "iPhone Developer";
				COPY_PHASE_STRIP = NO;
				DEBUG_INFORMATION_FORMAT = dwarf;
				ENABLE_STRICT_OBJC_MSGSEND = YES;
				ENABLE_TESTABILITY = YES;
				GCC_C_LANGUAGE_STANDARD = gnu11;
				GCC_DYNAMIC_NO_PIC = NO;
				GCC_NO_COMMON_BLOCKS = YES;
				GCC_OPTIMIZATION_LEVEL = 0;
				GCC_PREPROCESSOR_DEFINITIONS = (
					"DEBUG=1",
					"$(inherited)",
				);
				GCC_WARN_64_TO_32_BIT_CONVERSION = YES;
				GCC_WARN_ABOUT_RETURN_TYPE = YES_ERROR;
				GCC_WARN_UNDECLARED_SELECTOR = YES;
				GCC_WARN_UNINITIALIZED_AUTOS = YES_AGGRESSIVE;
				GCC_WARN_UNUSED_FUNCTION = YES;
				GCC_WARN_UNUSED_VARIABLE = YES;
				IPHONEOS_DEPLOYMENT_TARGET = 12.1;
				MTL_ENABLE_DEBUG_INFO = INCLUDE_SOURCE;
				MTL_FAST_MATH = YES;
				ONLY_ACTIVE_ARCH = YES;
				SDKROOT = iphoneos;
				SWIFT_ACTIVE_COMPILATION_CONDITIONS = DEBUG;
				SWIFT_OPTIMIZATION_LEVEL = "-Onone";
			};
			name = Debug;
		};
		8B537D522295BAF40084CD81 /* Release */ = {
			isa = XCBuildConfiguration;
			buildSettings = {
				ALWAYS_SEARCH_USER_PATHS = NO;
				CLANG_ANALYZER_NONNULL = YES;
				CLANG_ANALYZER_NUMBER_OBJECT_CONVERSION = YES_AGGRESSIVE;
				CLANG_CXX_LANGUAGE_STANDARD = "gnu++14";
				CLANG_CXX_LIBRARY = "libc++";
				CLANG_ENABLE_MODULES = YES;
				CLANG_ENABLE_OBJC_ARC = YES;
				CLANG_ENABLE_OBJC_WEAK = YES;
				CLANG_WARN_BLOCK_CAPTURE_AUTORELEASING = YES;
				CLANG_WARN_BOOL_CONVERSION = YES;
				CLANG_WARN_COMMA = YES;
				CLANG_WARN_CONSTANT_CONVERSION = YES;
				CLANG_WARN_DEPRECATED_OBJC_IMPLEMENTATIONS = YES;
				CLANG_WARN_DIRECT_OBJC_ISA_USAGE = YES_ERROR;
				CLANG_WARN_DOCUMENTATION_COMMENTS = YES;
				CLANG_WARN_EMPTY_BODY = YES;
				CLANG_WARN_ENUM_CONVERSION = YES;
				CLANG_WARN_INFINITE_RECURSION = YES;
				CLANG_WARN_INT_CONVERSION = YES;
				CLANG_WARN_NON_LITERAL_NULL_CONVERSION = YES;
				CLANG_WARN_OBJC_IMPLICIT_RETAIN_SELF = YES;
				CLANG_WARN_OBJC_LITERAL_CONVERSION = YES;
				CLANG_WARN_OBJC_ROOT_CLASS = YES_ERROR;
				CLANG_WARN_RANGE_LOOP_ANALYSIS = YES;
				CLANG_WARN_STRICT_PROTOTYPES = YES;
				CLANG_WARN_SUSPICIOUS_MOVE = YES;
				CLANG_WARN_UNGUARDED_AVAILABILITY = YES_AGGRESSIVE;
				CLANG_WARN_UNREACHABLE_CODE = YES;
				CLANG_WARN__DUPLICATE_METHOD_MATCH = YES;
				CODE_SIGN_IDENTITY = "iPhone Developer";
				COPY_PHASE_STRIP = NO;
				DEBUG_INFORMATION_FORMAT = "dwarf-with-dsym";
				ENABLE_NS_ASSERTIONS = NO;
				ENABLE_STRICT_OBJC_MSGSEND = YES;
				GCC_C_LANGUAGE_STANDARD = gnu11;
				GCC_NO_COMMON_BLOCKS = YES;
				GCC_WARN_64_TO_32_BIT_CONVERSION = YES;
				GCC_WARN_ABOUT_RETURN_TYPE = YES_ERROR;
				GCC_WARN_UNDECLARED_SELECTOR = YES;
				GCC_WARN_UNINITIALIZED_AUTOS = YES_AGGRESSIVE;
				GCC_WARN_UNUSED_FUNCTION = YES;
				GCC_WARN_UNUSED_VARIABLE = YES;
				IPHONEOS_DEPLOYMENT_TARGET = 12.1;
				MTL_ENABLE_DEBUG_INFO = NO;
				MTL_FAST_MATH = YES;
				SDKROOT = iphoneos;
				SWIFT_COMPILATION_MODE = wholemodule;
				SWIFT_OPTIMIZATION_LEVEL = "-O";
				VALIDATE_PRODUCT = YES;
			};
			name = Release;
		};
		8B537D542295BAF40084CD81 /* Debug */ = {
			isa = XCBuildConfiguration;
			baseConfigurationReference = F69EF90A1E1F485A2258EEC9 /* Pods-project2-habits.debug.xcconfig */;
			buildSettings = {
				ASSETCATALOG_COMPILER_APPICON_NAME = AppIcon;
				CODE_SIGN_STYLE = Automatic;
				DEVELOPMENT_TEAM = V36N5A5TWH;
				INFOPLIST_FILE = "project2-habits/Info.plist";
				LD_RUNPATH_SEARCH_PATHS = (
					"$(inherited)",
					"@executable_path/Frameworks",
				);
				PRODUCT_BUNDLE_IDENTIFIER = "com.project2-habits";
				PRODUCT_NAME = "$(TARGET_NAME)";
				SWIFT_VERSION = 4.2;
				TARGETED_DEVICE_FAMILY = "1,2";
			};
			name = Debug;
		};
		8B537D552295BAF40084CD81 /* Release */ = {
			isa = XCBuildConfiguration;
			baseConfigurationReference = 029BF03BCD581B824BA22814 /* Pods-project2-habits.release.xcconfig */;
			buildSettings = {
				ASSETCATALOG_COMPILER_APPICON_NAME = AppIcon;
				CODE_SIGN_STYLE = Automatic;
				DEVELOPMENT_TEAM = V36N5A5TWH;
				INFOPLIST_FILE = "project2-habits/Info.plist";
				LD_RUNPATH_SEARCH_PATHS = (
					"$(inherited)",
					"@executable_path/Frameworks",
				);
				PRODUCT_BUNDLE_IDENTIFIER = "com.project2-habits";
				PRODUCT_NAME = "$(TARGET_NAME)";
				SWIFT_VERSION = 4.2;
				TARGETED_DEVICE_FAMILY = "1,2";
			};
			name = Release;
		};
/* End XCBuildConfiguration section */

/* Begin XCConfigurationList section */
		8B537D3C2295BAF20084CD81 /* Build configuration list for PBXProject "project2-habits" */ = {
			isa = XCConfigurationList;
			buildConfigurations = (
				8B537D512295BAF40084CD81 /* Debug */,
				8B537D522295BAF40084CD81 /* Release */,
			);
			defaultConfigurationIsVisible = 0;
			defaultConfigurationName = Release;
		};
		8B537D532295BAF40084CD81 /* Build configuration list for PBXNativeTarget "project2-habits" */ = {
			isa = XCConfigurationList;
			buildConfigurations = (
				8B537D542295BAF40084CD81 /* Debug */,
				8B537D552295BAF40084CD81 /* Release */,
			);
			defaultConfigurationIsVisible = 0;
			defaultConfigurationName = Release;
		};
/* End XCConfigurationList section */
	};
	rootObject = 8B537D392295BAF20084CD81 /* Project object */;
}
